
Microsoft Visual Studio Solution File, Format Version 12.00
# Visual Studio 15
VisualStudioVersion = 15.0.27130.2036
MinimumVisualStudioVersion = 10.0.40219.1
Project("{FAE04EC0-301F-11D3-BF4B-00C04F79EFBC}") = "Opg01Variabler", "Opg01Variabler\Opg01Variabler.csproj", "{0FB79CE8-250E-4245-AFCA-E91E47ACFE97}"
EndProject
Project("{FAE04EC0-301F-11D3-BF4B-00C04F79EFBC}") = "OpgArray", "ConsoleApp1\OpgArray.csproj", "{FD102E8C-9DD9-4CE8-8387-F52E71CB4FF5}"
EndProject
Project("{FAE04EC0-301F-11D3-BF4B-00C04F79EFBC}") = "OpgString", "OpgString\OpgString.csproj", "{E0555A46-7635-4B98-AC7F-3FAC0688C42F}"
EndProject
Project("{FAE04EC0-301F-11D3-BF4B-00C04F79EFBC}") = "OpgLoop", "ConsoleApp2\OpgLoop.csproj", "{608020B2-0E48-4DB2-BB85-A10F7C60214A}"
EndProject
Project("{FAE04EC0-301F-11D3-BF4B-00C04F79EFBC}") = "OppSmaMethods", "OppSmaMethods\OppSmaMethods.csproj", "{09C19577-8090-4CED-8569-703A3813CCF0}"
EndProject
Project("{FAE04EC0-301F-11D3-BF4B-00C04F79EFBC}") = "OpgOverload", "OpgOverload\OpgOverload.csproj", "{9EDDACAB-EDA6-40EF-BE28-355358D9E409}"
EndProject
Project("{FAE04EC0-301F-11D3-BF4B-00C04F79EFBC}") = "OpgRekursion", "OpgRekursion\OpgRekursion.csproj", "{F8E65B7C-FB27-432E-8955-0777F8604144}"
EndProject
Project("{FAE04EC0-301F-11D3-BF4B-00C04F79EFBC}") = "OpgEgenskaber", "OpgEgenskaber\OpgEgenskaber.csproj", "{07E742E5-F726-41E9-808A-34A1EFC83C2C}"
EndProject
Project("{FAE04EC0-301F-11D3-BF4B-00C04F79EFBC}") = "OpgEgenskaber1", "OpgEgenskaber1\OpgEgenskaber1.csproj", "{82172914-B4EE-4D77-8434-809FF64A6B84}"
EndProject
Project("{FAE04EC0-301F-11D3-BF4B-00C04F79EFBC}") = "OpgEgenskab2", "OpgEgenskab2\OpgEgenskab2.csproj", "{91F4B424-2305-439F-B4A2-049DEAEC0A39}"
EndProject
Project("{FAE04EC0-301F-11D3-BF4B-00C04F79EFBC}") = "OpgKlassarOgArrays", "OpgKlassarOgArrays\OpgKlassarOgArrays.csproj", "{CDCA499E-C275-40E2-B2D8-B6CFB1BB22FA}"
EndProject
Project("{FAE04EC0-301F-11D3-BF4B-00C04F79EFBC}") = "OpgStatic", "OpgStatic\OpgStatic.csproj", "{049D6680-B553-4DA9-B1C5-CA00E201CCEA}"
EndProject
Project("{FAE04EC0-301F-11D3-BF4B-00C04F79EFBC}") = "OpgArv", "OpgArv\OpgArv.csproj", "{163550D7-54D6-40BE-838B-5478358392EA}"
EndProject
Project("{FAE04EC0-301F-11D3-BF4B-00C04F79EFBC}") = "Arv1", "Arv1\Arv1.csproj", "{426C27B2-BD0D-4E07-8A99-C4B3B18924F8}"
EndProject
Project("{FAE04EC0-301F-11D3-BF4B-00C04F79EFBC}") = "NedArving2", "NedArving2\NedArving2.csproj", "{6A11316F-456E-427E-A89D-4128CB080BA4}"
EndProject
Project("{FAE04EC0-301F-11D3-BF4B-00C04F79EFBC}") = "OpgPolymorfi", "OpgPolymorfi\OpgPolymorfi.csproj", "{4D86556E-C422-4651-A794-11CDEB6199AC}"
EndProject
Project("{FAE04EC0-301F-11D3-BF4B-00C04F79EFBC}") = "OpgPolymorfi1", "OpgPolymorfi1\OpgPolymorfi1.csproj", "{DE045BF0-284F-4426-9709-B41F4A98831C}"
EndProject
Project("{FAE04EC0-301F-11D3-BF4B-00C04F79EFBC}") = "OpgTryCatch", "OpgTryCatch\OpgTryCatch.csproj", "{8F281A55-CA92-47ED-9637-9F30E66DD228}"
EndProject
Project("{FAE04EC0-301F-11D3-BF4B-00C04F79EFBC}") = "OpgTryCatch1", "OpgTryCatch1\OpgTryCatch1.csproj", "{AB7DF836-BFEE-4FDE-A0D0-D0D940A87BA2}"
EndProject
Project("{FAE04EC0-301F-11D3-BF4B-00C04F79EFBC}") = "OpgLog", "OpgLog\OpgLog.csproj", "{4F6918B6-2EC1-4633-821B-DB4A780840EB}"
EndProject
Global
	GlobalSection(SolutionConfigurationPlatforms) = preSolution
		Debug|Any CPU = Debug|Any CPU
		Release|Any CPU = Release|Any CPU
	EndGlobalSection
	GlobalSection(ProjectConfigurationPlatforms) = postSolution
		{0FB79CE8-250E-4245-AFCA-E91E47ACFE97}.Debug|Any CPU.ActiveCfg = Debug|Any CPU
		{0FB79CE8-250E-4245-AFCA-E91E47ACFE97}.Debug|Any CPU.Build.0 = Debug|Any CPU
		{0FB79CE8-250E-4245-AFCA-E91E47ACFE97}.Release|Any CPU.ActiveCfg = Release|Any CPU
		{0FB79CE8-250E-4245-AFCA-E91E47ACFE97}.Release|Any CPU.Build.0 = Release|Any CPU
		{FD102E8C-9DD9-4CE8-8387-F52E71CB4FF5}.Debug|Any CPU.ActiveCfg = Debug|Any CPU
		{FD102E8C-9DD9-4CE8-8387-F52E71CB4FF5}.Debug|Any CPU.Build.0 = Debug|Any CPU
		{FD102E8C-9DD9-4CE8-8387-F52E71CB4FF5}.Release|Any CPU.ActiveCfg = Release|Any CPU
		{FD102E8C-9DD9-4CE8-8387-F52E71CB4FF5}.Release|Any CPU.Build.0 = Release|Any CPU
		{E0555A46-7635-4B98-AC7F-3FAC0688C42F}.Debug|Any CPU.ActiveCfg = Debug|Any CPU
		{E0555A46-7635-4B98-AC7F-3FAC0688C42F}.Debug|Any CPU.Build.0 = Debug|Any CPU
		{E0555A46-7635-4B98-AC7F-3FAC0688C42F}.Release|Any CPU.ActiveCfg = Release|Any CPU
		{E0555A46-7635-4B98-AC7F-3FAC0688C42F}.Release|Any CPU.Build.0 = Release|Any CPU
		{608020B2-0E48-4DB2-BB85-A10F7C60214A}.Debug|Any CPU.ActiveCfg = Debug|Any CPU
		{608020B2-0E48-4DB2-BB85-A10F7C60214A}.Debug|Any CPU.Build.0 = Debug|Any CPU
		{608020B2-0E48-4DB2-BB85-A10F7C60214A}.Release|Any CPU.ActiveCfg = Release|Any CPU
		{608020B2-0E48-4DB2-BB85-A10F7C60214A}.Release|Any CPU.Build.0 = Release|Any CPU
		{09C19577-8090-4CED-8569-703A3813CCF0}.Debug|Any CPU.ActiveCfg = Debug|Any CPU
		{09C19577-8090-4CED-8569-703A3813CCF0}.Debug|Any CPU.Build.0 = Debug|Any CPU
		{09C19577-8090-4CED-8569-703A3813CCF0}.Release|Any CPU.ActiveCfg = Release|Any CPU
		{09C19577-8090-4CED-8569-703A3813CCF0}.Release|Any CPU.Build.0 = Release|Any CPU
		{9EDDACAB-EDA6-40EF-BE28-355358D9E409}.Debug|Any CPU.ActiveCfg = Debug|Any CPU
		{9EDDACAB-EDA6-40EF-BE28-355358D9E409}.Debug|Any CPU.Build.0 = Debug|Any CPU
		{9EDDACAB-EDA6-40EF-BE28-355358D9E409}.Release|Any CPU.ActiveCfg = Release|Any CPU
		{9EDDACAB-EDA6-40EF-BE28-355358D9E409}.Release|Any CPU.Build.0 = Release|Any CPU
		{F8E65B7C-FB27-432E-8955-0777F8604144}.Debug|Any CPU.ActiveCfg = Debug|Any CPU
		{F8E65B7C-FB27-432E-8955-0777F8604144}.Debug|Any CPU.Build.0 = Debug|Any CPU
		{F8E65B7C-FB27-432E-8955-0777F8604144}.Release|Any CPU.ActiveCfg = Release|Any CPU
		{F8E65B7C-FB27-432E-8955-0777F8604144}.Release|Any CPU.Build.0 = Release|Any CPU
		{07E742E5-F726-41E9-808A-34A1EFC83C2C}.Debug|Any CPU.ActiveCfg = Debug|Any CPU
		{07E742E5-F726-41E9-808A-34A1EFC83C2C}.Debug|Any CPU.Build.0 = Debug|Any CPU
		{07E742E5-F726-41E9-808A-34A1EFC83C2C}.Release|Any CPU.ActiveCfg = Release|Any CPU
		{07E742E5-F726-41E9-808A-34A1EFC83C2C}.Release|Any CPU.Build.0 = Release|Any CPU
		{82172914-B4EE-4D77-8434-809FF64A6B84}.Debug|Any CPU.ActiveCfg = Debug|Any CPU
		{82172914-B4EE-4D77-8434-809FF64A6B84}.Debug|Any CPU.Build.0 = Debug|Any CPU
		{82172914-B4EE-4D77-8434-809FF64A6B84}.Release|Any CPU.ActiveCfg = Release|Any CPU
		{82172914-B4EE-4D77-8434-809FF64A6B84}.Release|Any CPU.Build.0 = Release|Any CPU
		{91F4B424-2305-439F-B4A2-049DEAEC0A39}.Debug|Any CPU.ActiveCfg = Debug|Any CPU
		{91F4B424-2305-439F-B4A2-049DEAEC0A39}.Debug|Any CPU.Build.0 = Debug|Any CPU
		{91F4B424-2305-439F-B4A2-049DEAEC0A39}.Release|Any CPU.ActiveCfg = Release|Any CPU
		{91F4B424-2305-439F-B4A2-049DEAEC0A39}.Release|Any CPU.Build.0 = Release|Any CPU
		{CDCA499E-C275-40E2-B2D8-B6CFB1BB22FA}.Debug|Any CPU.ActiveCfg = Debug|Any CPU
		{CDCA499E-C275-40E2-B2D8-B6CFB1BB22FA}.Debug|Any CPU.Build.0 = Debug|Any CPU
		{CDCA499E-C275-40E2-B2D8-B6CFB1BB22FA}.Release|Any CPU.ActiveCfg = Release|Any CPU
		{CDCA499E-C275-40E2-B2D8-B6CFB1BB22FA}.Release|Any CPU.Build.0 = Release|Any CPU
		{049D6680-B553-4DA9-B1C5-CA00E201CCEA}.Debug|Any CPU.ActiveCfg = Debug|Any CPU
		{049D6680-B553-4DA9-B1C5-CA00E201CCEA}.Debug|Any CPU.Build.0 = Debug|Any CPU
		{049D6680-B553-4DA9-B1C5-CA00E201CCEA}.Release|Any CPU.ActiveCfg = Release|Any CPU
		{049D6680-B553-4DA9-B1C5-CA00E201CCEA}.Release|Any CPU.Build.0 = Release|Any CPU
		{163550D7-54D6-40BE-838B-5478358392EA}.Debug|Any CPU.ActiveCfg = Debug|Any CPU
		{163550D7-54D6-40BE-838B-5478358392EA}.Debug|Any CPU.Build.0 = Debug|Any CPU
		{163550D7-54D6-40BE-838B-5478358392EA}.Release|Any CPU.ActiveCfg = Release|Any CPU
		{163550D7-54D6-40BE-838B-5478358392EA}.Release|Any CPU.Build.0 = Release|Any CPU
		{426C27B2-BD0D-4E07-8A99-C4B3B18924F8}.Debug|Any CPU.ActiveCfg = Debug|Any CPU
		{426C27B2-BD0D-4E07-8A99-C4B3B18924F8}.Debug|Any CPU.Build.0 = Debug|Any CPU
		{426C27B2-BD0D-4E07-8A99-C4B3B18924F8}.Release|Any CPU.ActiveCfg = Release|Any CPU
		{426C27B2-BD0D-4E07-8A99-C4B3B18924F8}.Release|Any CPU.Build.0 = Release|Any CPU
		{6A11316F-456E-427E-A89D-4128CB080BA4}.Debug|Any CPU.ActiveCfg = Debug|Any CPU
		{6A11316F-456E-427E-A89D-4128CB080BA4}.Debug|Any CPU.Build.0 = Debug|Any CPU
		{6A11316F-456E-427E-A89D-4128CB080BA4}.Release|Any CPU.ActiveCfg = Release|Any CPU
		{6A11316F-456E-427E-A89D-4128CB080BA4}.Release|Any CPU.Build.0 = Release|Any CPU
		{4D86556E-C422-4651-A794-11CDEB6199AC}.Debug|Any CPU.ActiveCfg = Debug|Any CPU
		{4D86556E-C422-4651-A794-11CDEB6199AC}.Debug|Any CPU.Build.0 = Debug|Any CPU
		{4D86556E-C422-4651-A794-11CDEB6199AC}.Release|Any CPU.ActiveCfg = Release|Any CPU
		{4D86556E-C422-4651-A794-11CDEB6199AC}.Release|Any CPU.Build.0 = Release|Any CPU
		{DE045BF0-284F-4426-9709-B41F4A98831C}.Debug|Any CPU.ActiveCfg = Debug|Any CPU
		{DE045BF0-284F-4426-9709-B41F4A98831C}.Debug|Any CPU.Build.0 = Debug|Any CPU
		{DE045BF0-284F-4426-9709-B41F4A98831C}.Release|Any CPU.ActiveCfg = Release|Any CPU
		{DE045BF0-284F-4426-9709-B41F4A98831C}.Release|Any CPU.Build.0 = Release|Any CPU
		{8F281A55-CA92-47ED-9637-9F30E66DD228}.Debug|Any CPU.ActiveCfg = Debug|Any CPU
		{8F281A55-CA92-47ED-9637-9F30E66DD228}.Debug|Any CPU.Build.0 = Debug|Any CPU
		{8F281A55-CA92-47ED-9637-9F30E66DD228}.Release|Any CPU.ActiveCfg = Release|Any CPU
		{8F281A55-CA92-47ED-9637-9F30E66DD228}.Release|Any CPU.Build.0 = Release|Any CPU
		{AB7DF836-BFEE-4FDE-A0D0-D0D940A87BA2}.Debug|Any CPU.ActiveCfg = Debug|Any CPU
		{AB7DF836-BFEE-4FDE-A0D0-D0D940A87BA2}.Debug|Any CPU.Build.0 = Debug|Any CPU
		{AB7DF836-BFEE-4FDE-A0D0-D0D940A87BA2}.Release|Any CPU.ActiveCfg = Release|Any CPU
		{AB7DF836-BFEE-4FDE-A0D0-D0D940A87BA2}.Release|Any CPU.Build.0 = Release|Any CPU
		{4F6918B6-2EC1-4633-821B-DB4A780840EB}.Debug|Any CPU.ActiveCfg = Debug|Any CPU
		{4F6918B6-2EC1-4633-821B-DB4A780840EB}.Debug|Any CPU.Build.0 = Debug|Any CPU
		{4F6918B6-2EC1-4633-821B-DB4A780840EB}.Release|Any CPU.ActiveCfg = Release|Any CPU
		{4F6918B6-2EC1-4633-821B-DB4A780840EB}.Release|Any CPU.Build.0 = Release|Any CPU
	EndGlobalSection
	GlobalSection(SolutionProperties) = preSolution
		HideSolutionNode = FALSE
	EndGlobalSection
	GlobalSection(ExtensibilityGlobals) = postSolution
		SolutionGuid = {B4831928-F8D1-4057-815D-BC99C1803E5B}
	EndGlobalSection
EndGlobal
