
Microsoft Visual Studio Solution File, Format Version 12.00
# Visual Studio 15
VisualStudioVersion = 15.0.27428.2027
MinimumVisualStudioVersion = 10.0.40219.1
Project("{FAE04EC0-301F-11D3-BF4B-00C04F79EFBC}") = "FileWatch", "FileWatch\FileWatch.csproj", "{4A6C1141-3EDC-44E3-A8F8-B8EF3CB00181}"
EndProject
Global
	GlobalSection(SolutionConfigurationPlatforms) = preSolution
		Debug|Any CPU = Debug|Any CPU
		Release|Any CPU = Release|Any CPU
	EndGlobalSection
	GlobalSection(ProjectConfigurationPlatforms) = postSolution
		{4A6C1141-3EDC-44E3-A8F8-B8EF3CB00181}.Debug|Any CPU.ActiveCfg = Debug|Any CPU
		{4A6C1141-3EDC-44E3-A8F8-B8EF3CB00181}.Debug|Any CPU.Build.0 = Debug|Any CPU
		{4A6C1141-3EDC-44E3-A8F8-B8EF3CB00181}.Release|Any CPU.ActiveCfg = Release|Any CPU
		{4A6C1141-3EDC-44E3-A8F8-B8EF3CB00181}.Release|Any CPU.Build.0 = Release|Any CPU
	EndGlobalSection
	GlobalSection(SolutionProperties) = preSolution
		HideSolutionNode = FALSE
	EndGlobalSection
	GlobalSection(ExtensibilityGlobals) = postSolution
		SolutionGuid = {79E88DE1-B106-46DD-90ED-8560627073AE}
	EndGlobalSection
EndGlobal
