
Microsoft Visual Studio Solution File, Format Version 12.00
# Visual Studio 15
VisualStudioVersion = 15.0.27428.2027
MinimumVisualStudioVersion = 10.0.40219.1
Project("{FAE04EC0-301F-11D3-BF4B-00C04F79EFBC}") = "EventsOpg", "EventsOpg\EventsOpg.csproj", "{4BA52269-02F0-4BF1-ACA9-D28CD05CF884}"
EndProject
Global
	GlobalSection(SolutionConfigurationPlatforms) = preSolution
		Debug|Any CPU = Debug|Any CPU
		Release|Any CPU = Release|Any CPU
	EndGlobalSection
	GlobalSection(ProjectConfigurationPlatforms) = postSolution
		{4BA52269-02F0-4BF1-ACA9-D28CD05CF884}.Debug|Any CPU.ActiveCfg = Debug|Any CPU
		{4BA52269-02F0-4BF1-ACA9-D28CD05CF884}.Debug|Any CPU.Build.0 = Debug|Any CPU
		{4BA52269-02F0-4BF1-ACA9-D28CD05CF884}.Release|Any CPU.ActiveCfg = Release|Any CPU
		{4BA52269-02F0-4BF1-ACA9-D28CD05CF884}.Release|Any CPU.Build.0 = Release|Any CPU
	EndGlobalSection
	GlobalSection(SolutionProperties) = preSolution
		HideSolutionNode = FALSE
	EndGlobalSection
	GlobalSection(ExtensibilityGlobals) = postSolution
		SolutionGuid = {4B102523-596E-4975-BD5E-457D8ED0C83F}
	EndGlobalSection
EndGlobal
