
Microsoft Visual Studio Solution File, Format Version 12.00
# Visual Studio 15
VisualStudioVersion = 15.0.27428.2027
MinimumVisualStudioVersion = 10.0.40219.1
Project("{FAE04EC0-301F-11D3-BF4B-00C04F79EFBC}") = "Dependency Injection", "Dependency Injection\Dependency Injection.csproj", "{AB558524-6759-480E-B361-535285CFEEA1}"
EndProject
Global
	GlobalSection(SolutionConfigurationPlatforms) = preSolution
		Debug|Any CPU = Debug|Any CPU
		Release|Any CPU = Release|Any CPU
	EndGlobalSection
	GlobalSection(ProjectConfigurationPlatforms) = postSolution
		{AB558524-6759-480E-B361-535285CFEEA1}.Debug|Any CPU.ActiveCfg = Debug|Any CPU
		{AB558524-6759-480E-B361-535285CFEEA1}.Debug|Any CPU.Build.0 = Debug|Any CPU
		{AB558524-6759-480E-B361-535285CFEEA1}.Release|Any CPU.ActiveCfg = Release|Any CPU
		{AB558524-6759-480E-B361-535285CFEEA1}.Release|Any CPU.Build.0 = Release|Any CPU
	EndGlobalSection
	GlobalSection(SolutionProperties) = preSolution
		HideSolutionNode = FALSE
	EndGlobalSection
	GlobalSection(ExtensibilityGlobals) = postSolution
		SolutionGuid = {A510FDB7-7D18-48EF-B9AD-4A71CF1A1BCC}
	EndGlobalSection
EndGlobal
