
Microsoft Visual Studio Solution File, Format Version 12.00
# Visual Studio 15
VisualStudioVersion = 15.0.27428.2027
MinimumVisualStudioVersion = 10.0.40219.1
Project("{FAE04EC0-301F-11D3-BF4B-00C04F79EFBC}") = "ConsoleApp4", "ConsoleApp4\ConsoleApp4.csproj", "{8C5160F9-D54A-4AC2-9BE8-7F32BA09DBEC}"
EndProject
Global
	GlobalSection(SolutionConfigurationPlatforms) = preSolution
		Debug|Any CPU = Debug|Any CPU
		Release|Any CPU = Release|Any CPU
	EndGlobalSection
	GlobalSection(ProjectConfigurationPlatforms) = postSolution
		{8C5160F9-D54A-4AC2-9BE8-7F32BA09DBEC}.Debug|Any CPU.ActiveCfg = Debug|Any CPU
		{8C5160F9-D54A-4AC2-9BE8-7F32BA09DBEC}.Debug|Any CPU.Build.0 = Debug|Any CPU
		{8C5160F9-D54A-4AC2-9BE8-7F32BA09DBEC}.Release|Any CPU.ActiveCfg = Release|Any CPU
		{8C5160F9-D54A-4AC2-9BE8-7F32BA09DBEC}.Release|Any CPU.Build.0 = Release|Any CPU
	EndGlobalSection
	GlobalSection(SolutionProperties) = preSolution
		HideSolutionNode = FALSE
	EndGlobalSection
	GlobalSection(ExtensibilityGlobals) = postSolution
		SolutionGuid = {4E05BC35-691F-418D-96B1-1B165DEDB12D}
	EndGlobalSection
EndGlobal
